// !$*UTF8*$!
{
	archiveVersion = 1;
	classes = {
	};
	objectVersion = 51;
	objects = {

/* Begin PBXBuildFile section */
		A537B9CADE0A8CA7AD9986DD /* Pods_ToDoList.framework in Frameworks */ = {isa = PBXBuildFile; fileRef = 9CCF3B5DE0B4E2DAB2A12C41 /* Pods_ToDoList.framework */; };
		EE18B69A25890492009D4D15 /* RealmController.swift in Sources */ = {isa = PBXBuildFile; fileRef = EE18B69925890492009D4D15 /* RealmController.swift */; };
		EE18B69E258904A3009D4D15 /* Realm+WriteFunctions.swift in Sources */ = {isa = PBXBuildFile; fileRef = EE18B69D258904A3009D4D15 /* Realm+WriteFunctions.swift */; };
		EE18B6A1258904B8009D4D15 /* Realm+Notifications.swift in Sources */ = {isa = PBXBuildFile; fileRef = EE18B6A0258904B8009D4D15 /* Realm+Notifications.swift */; };
		EE18B6A5258904F8009D4D15 /* ToDoItemEntity.swift in Sources */ = {isa = PBXBuildFile; fileRef = EE18B6A4258904F8009D4D15 /* ToDoItemEntity.swift */; };
		EE18B6B425892C7F009D4D15 /* ToDoItemService.swift in Sources */ = {isa = PBXBuildFile; fileRef = EE18B6B325892C7F009D4D15 /* ToDoItemService.swift */; };
		EE69BE1B258B9E58008CD271 /* Date+StartOfDay.swift in Sources */ = {isa = PBXBuildFile; fileRef = EE69BE1A258B9E58008CD271 /* Date+StartOfDay.swift */; };
		EEAED4BF258381D40051F99A /* AppDelegate.swift in Sources */ = {isa = PBXBuildFile; fileRef = EEAED4BE258381D40051F99A /* AppDelegate.swift */; };
		EEAED4C1258381D40051F99A /* SceneDelegate.swift in Sources */ = {isa = PBXBuildFile; fileRef = EEAED4C0258381D40051F99A /* SceneDelegate.swift */; };
		EEAED4C6258381D40051F99A /* Main.storyboard in Resources */ = {isa = PBXBuildFile; fileRef = EEAED4C4258381D40051F99A /* Main.storyboard */; };
		EEAED4C8258381D80051F99A /* Assets.xcassets in Resources */ = {isa = PBXBuildFile; fileRef = EEAED4C7258381D80051F99A /* Assets.xcassets */; };
		EEAED4CB258381D80051F99A /* LaunchScreen.storyboard in Resources */ = {isa = PBXBuildFile; fileRef = EEAED4C9258381D80051F99A /* LaunchScreen.storyboard */; };
		EEAED4D4258383930051F99A /* digital.ttf in Resources */ = {isa = PBXBuildFile; fileRef = EEAED4D3258383930051F99A /* digital.ttf */; };
		EEBEF1202587B72E000EA996 /* ItemInfoTableViewCell.swift in Sources */ = {isa = PBXBuildFile; fileRef = EEBEF11E2587B72E000EA996 /* ItemInfoTableViewCell.swift */; };
		EEBEF1212587B72E000EA996 /* ItemInfoTableViewCell.xib in Resources */ = {isa = PBXBuildFile; fileRef = EEBEF11F2587B72E000EA996 /* ItemInfoTableViewCell.xib */; };
		EEBEF1242587B743000EA996 /* ItemInfoCellViewModel.swift in Sources */ = {isa = PBXBuildFile; fileRef = EEBEF1232587B743000EA996 /* ItemInfoCellViewModel.swift */; };
		EEDA87402587EFAE002C4FA3 /* UIControl+Action.swift in Sources */ = {isa = PBXBuildFile; fileRef = EEDA873F2587EFAE002C4FA3 /* UIControl+Action.swift */; };
		EEE3CFA52584CAC300BB2156 /* BaseViewController.swift in Sources */ = {isa = PBXBuildFile; fileRef = EEE3CFA42584CAC300BB2156 /* BaseViewController.swift */; };
		EEE3CFA92584CADB00BB2156 /* ViewModel.swift in Sources */ = {isa = PBXBuildFile; fileRef = EEE3CFA82584CADB00BB2156 /* ViewModel.swift */; };
		EEE3CFAC2584CAF900BB2156 /* ConfigurableView.swift in Sources */ = {isa = PBXBuildFile; fileRef = EEE3CFAB2584CAF900BB2156 /* ConfigurableView.swift */; };
		EEE3CFAF2584CB1000BB2156 /* CellViewModel.swift in Sources */ = {isa = PBXBuildFile; fileRef = EEE3CFAE2584CB1000BB2156 /* CellViewModel.swift */; };
		EEE3CFB32584CB6800BB2156 /* UICollectionView+registerCell.swift in Sources */ = {isa = PBXBuildFile; fileRef = EEE3CFB22584CB6800BB2156 /* UICollectionView+registerCell.swift */; };
		EEE3CFB72584CC9600BB2156 /* ToDoListViewModel.swift in Sources */ = {isa = PBXBuildFile; fileRef = EEE3CFB62584CC9600BB2156 /* ToDoListViewModel.swift */; };
		EEE3CFC02584D10600BB2156 /* ListItemTableViewCell.swift in Sources */ = {isa = PBXBuildFile; fileRef = EEE3CFBE2584D10600BB2156 /* ListItemTableViewCell.swift */; };
		EEE3CFC12584D10600BB2156 /* ListItemTableViewCell.xib in Resources */ = {isa = PBXBuildFile; fileRef = EEE3CFBF2584D10600BB2156 /* ListItemTableViewCell.xib */; };
		EEE3CFC62584D14E00BB2156 /* ListItemCellViewModel.swift in Sources */ = {isa = PBXBuildFile; fileRef = EEE3CFC52584D14E00BB2156 /* ListItemCellViewModel.swift */; };
		EEE3CFD22584E1E000BB2156 /* ToDoListViewController.swift in Sources */ = {isa = PBXBuildFile; fileRef = EEE3CFD02584E1E000BB2156 /* ToDoListViewController.swift */; };
		EEE3CFD32584E1E000BB2156 /* ToDoListViewController.xib in Resources */ = {isa = PBXBuildFile; fileRef = EEE3CFD12584E1E000BB2156 /* ToDoListViewController.xib */; };
		EEE3CFD7258516DC00BB2156 /* InputDatePickerViewModel.swift in Sources */ = {isa = PBXBuildFile; fileRef = EEE3CFD6258516DC00BB2156 /* InputDatePickerViewModel.swift */; };
		EEE3CFDB258516FB00BB2156 /* DateInputViewModel.swift in Sources */ = {isa = PBXBuildFile; fileRef = EEE3CFDA258516FB00BB2156 /* DateInputViewModel.swift */; };
		EEE3CFDE2585172700BB2156 /* DateFormatter+Static.swift in Sources */ = {isa = PBXBuildFile; fileRef = EEE3CFDD2585172700BB2156 /* DateFormatter+Static.swift */; };
		EEE3CFE12585177F00BB2156 /* InputDatePickerView.swift in Sources */ = {isa = PBXBuildFile; fileRef = EEE3CFE02585177F00BB2156 /* InputDatePickerView.swift */; };
		EEE3CFE42585182100BB2156 /* DoneToolbar.swift in Sources */ = {isa = PBXBuildFile; fileRef = EEE3CFE32585182100BB2156 /* DoneToolbar.swift */; };
		EEE3CFEE25851B3500BB2156 /* ToDoInfoViewController.swift in Sources */ = {isa = PBXBuildFile; fileRef = EEE3CFEC25851B3500BB2156 /* ToDoInfoViewController.swift */; };
		EEE3CFEF25851B3500BB2156 /* ToDoInfoViewController.xib in Resources */ = {isa = PBXBuildFile; fileRef = EEE3CFED25851B3500BB2156 /* ToDoInfoViewController.xib */; };
		EEE3CFF425851B8B00BB2156 /* ToDoInfoViewModel.swift in Sources */ = {isa = PBXBuildFile; fileRef = EEE3CFF325851B8B00BB2156 /* ToDoInfoViewModel.swift */; };
		EEE3CFFD2587709800BB2156 /* NonFocusableTextField.swift in Sources */ = {isa = PBXBuildFile; fileRef = EEE3CFFC2587709800BB2156 /* NonFocusableTextField.swift */; };
		EEE3D002258770F200BB2156 /* DateInputTableViewCell.swift in Sources */ = {isa = PBXBuildFile; fileRef = EEE3D000258770F200BB2156 /* DateInputTableViewCell.swift */; };
		EEE3D003258770F200BB2156 /* DateInputTableViewCell.xib in Resources */ = {isa = PBXBuildFile; fileRef = EEE3D001258770F200BB2156 /* DateInputTableViewCell.xib */; };
		EEECFF152587ED010078B8A8 /* ButtonViewModel.swift in Sources */ = {isa = PBXBuildFile; fileRef = EEECFF142587ED010078B8A8 /* ButtonViewModel.swift */; };
		EEECFF1D2587ED610078B8A8 /* UIColor+darker.swift in Sources */ = {isa = PBXBuildFile; fileRef = EEECFF1C2587ED610078B8A8 /* UIColor+darker.swift */; };
		EEECFF262587EE500078B8A8 /* ButtonTableViewCell.swift in Sources */ = {isa = PBXBuildFile; fileRef = EEECFF242587EE500078B8A8 /* ButtonTableViewCell.swift */; };
		EEECFF272587EE500078B8A8 /* ButtonTableViewCell.xib in Resources */ = {isa = PBXBuildFile; fileRef = EEECFF252587EE500078B8A8 /* ButtonTableViewCell.xib */; };
/* End PBXBuildFile section */

/* Begin PBXFileReference section */
		7BA768D31BE3BCD333BC39DA /* Pods-ToDoList.release.xcconfig */ = {isa = PBXFileReference; includeInIndex = 1; lastKnownFileType = text.xcconfig; name = "Pods-ToDoList.release.xcconfig"; path = "Target Support Files/Pods-ToDoList/Pods-ToDoList.release.xcconfig"; sourceTree = "<group>"; };
		9CCF3B5DE0B4E2DAB2A12C41 /* Pods_ToDoList.framework */ = {isa = PBXFileReference; explicitFileType = wrapper.framework; includeInIndex = 0; path = Pods_ToDoList.framework; sourceTree = BUILT_PRODUCTS_DIR; };
		A085AF7A7FB448BF310416B5 /* Pods-ToDoList.debug.xcconfig */ = {isa = PBXFileReference; includeInIndex = 1; lastKnownFileType = text.xcconfig; name = "Pods-ToDoList.debug.xcconfig"; path = "Target Support Files/Pods-ToDoList/Pods-ToDoList.debug.xcconfig"; sourceTree = "<group>"; };
		EE18B69925890492009D4D15 /* RealmController.swift */ = {isa = PBXFileReference; lastKnownFileType = sourcecode.swift; path = RealmController.swift; sourceTree = "<group>"; };
		EE18B69D258904A3009D4D15 /* Realm+WriteFunctions.swift */ = {isa = PBXFileReference; lastKnownFileType = sourcecode.swift; path = "Realm+WriteFunctions.swift"; sourceTree = "<group>"; };
		EE18B6A0258904B8009D4D15 /* Realm+Notifications.swift */ = {isa = PBXFileReference; lastKnownFileType = sourcecode.swift; path = "Realm+Notifications.swift"; sourceTree = "<group>"; };
		EE18B6A4258904F8009D4D15 /* ToDoItemEntity.swift */ = {isa = PBXFileReference; lastKnownFileType = sourcecode.swift; path = ToDoItemEntity.swift; sourceTree = "<group>"; };
		EE18B6B325892C7F009D4D15 /* ToDoItemService.swift */ = {isa = PBXFileReference; lastKnownFileType = sourcecode.swift; path = ToDoItemService.swift; sourceTree = "<group>"; };
		EE69BE1A258B9E58008CD271 /* Date+StartOfDay.swift */ = {isa = PBXFileReference; lastKnownFileType = sourcecode.swift; path = "Date+StartOfDay.swift"; sourceTree = "<group>"; };
		EEAED4BB258381D40051F99A /* ToDoList.app */ = {isa = PBXFileReference; explicitFileType = wrapper.application; includeInIndex = 0; path = ToDoList.app; sourceTree = BUILT_PRODUCTS_DIR; };
		EEAED4BE258381D40051F99A /* AppDelegate.swift */ = {isa = PBXFileReference; lastKnownFileType = sourcecode.swift; path = AppDelegate.swift; sourceTree = "<group>"; };
		EEAED4C0258381D40051F99A /* SceneDelegate.swift */ = {isa = PBXFileReference; lastKnownFileType = sourcecode.swift; path = SceneDelegate.swift; sourceTree = "<group>"; };
		EEAED4C5258381D40051F99A /* Base */ = {isa = PBXFileReference; lastKnownFileType = file.storyboard; name = Base; path = Base.lproj/Main.storyboard; sourceTree = "<group>"; };
		EEAED4C7258381D80051F99A /* Assets.xcassets */ = {isa = PBXFileReference; lastKnownFileType = folder.assetcatalog; path = Assets.xcassets; sourceTree = "<group>"; };
		EEAED4CA258381D80051F99A /* Base */ = {isa = PBXFileReference; lastKnownFileType = file.storyboard; name = Base; path = Base.lproj/LaunchScreen.storyboard; sourceTree = "<group>"; };
		EEAED4CC258381D80051F99A /* Info.plist */ = {isa = PBXFileReference; lastKnownFileType = text.plist.xml; path = Info.plist; sourceTree = "<group>"; };
		EEAED4D3258383930051F99A /* digital.ttf */ = {isa = PBXFileReference; lastKnownFileType = file; path = digital.ttf; sourceTree = "<group>"; };
		EEBEF11E2587B72E000EA996 /* ItemInfoTableViewCell.swift */ = {isa = PBXFileReference; lastKnownFileType = sourcecode.swift; path = ItemInfoTableViewCell.swift; sourceTree = "<group>"; };
		EEBEF11F2587B72E000EA996 /* ItemInfoTableViewCell.xib */ = {isa = PBXFileReference; lastKnownFileType = file.xib; path = ItemInfoTableViewCell.xib; sourceTree = "<group>"; };
		EEBEF1232587B743000EA996 /* ItemInfoCellViewModel.swift */ = {isa = PBXFileReference; lastKnownFileType = sourcecode.swift; path = ItemInfoCellViewModel.swift; sourceTree = "<group>"; };
		EEDA873F2587EFAE002C4FA3 /* UIControl+Action.swift */ = {isa = PBXFileReference; lastKnownFileType = sourcecode.swift; path = "UIControl+Action.swift"; sourceTree = "<group>"; };
		EEE3CFA42584CAC300BB2156 /* BaseViewController.swift */ = {isa = PBXFileReference; lastKnownFileType = sourcecode.swift; path = BaseViewController.swift; sourceTree = "<group>"; };
		EEE3CFA82584CADB00BB2156 /* ViewModel.swift */ = {isa = PBXFileReference; lastKnownFileType = sourcecode.swift; path = ViewModel.swift; sourceTree = "<group>"; };
		EEE3CFAB2584CAF900BB2156 /* ConfigurableView.swift */ = {isa = PBXFileReference; lastKnownFileType = sourcecode.swift; path = ConfigurableView.swift; sourceTree = "<group>"; };
		EEE3CFAE2584CB1000BB2156 /* CellViewModel.swift */ = {isa = PBXFileReference; lastKnownFileType = sourcecode.swift; path = CellViewModel.swift; sourceTree = "<group>"; };
		EEE3CFB22584CB6800BB2156 /* UICollectionView+registerCell.swift */ = {isa = PBXFileReference; lastKnownFileType = sourcecode.swift; path = "UICollectionView+registerCell.swift"; sourceTree = "<group>"; };
		EEE3CFB62584CC9600BB2156 /* ToDoListViewModel.swift */ = {isa = PBXFileReference; lastKnownFileType = sourcecode.swift; path = ToDoListViewModel.swift; sourceTree = "<group>"; };
		EEE3CFBE2584D10600BB2156 /* ListItemTableViewCell.swift */ = {isa = PBXFileReference; lastKnownFileType = sourcecode.swift; path = ListItemTableViewCell.swift; sourceTree = "<group>"; };
		EEE3CFBF2584D10600BB2156 /* ListItemTableViewCell.xib */ = {isa = PBXFileReference; lastKnownFileType = file.xib; path = ListItemTableViewCell.xib; sourceTree = "<group>"; };
		EEE3CFC52584D14E00BB2156 /* ListItemCellViewModel.swift */ = {isa = PBXFileReference; lastKnownFileType = sourcecode.swift; path = ListItemCellViewModel.swift; sourceTree = "<group>"; };
		EEE3CFD02584E1E000BB2156 /* ToDoListViewController.swift */ = {isa = PBXFileReference; lastKnownFileType = sourcecode.swift; path = ToDoListViewController.swift; sourceTree = "<group>"; };
		EEE3CFD12584E1E000BB2156 /* ToDoListViewController.xib */ = {isa = PBXFileReference; lastKnownFileType = file.xib; path = ToDoListViewController.xib; sourceTree = "<group>"; };
		EEE3CFD6258516DC00BB2156 /* InputDatePickerViewModel.swift */ = {isa = PBXFileReference; lastKnownFileType = sourcecode.swift; path = InputDatePickerViewModel.swift; sourceTree = "<group>"; };
		EEE3CFDA258516FB00BB2156 /* DateInputViewModel.swift */ = {isa = PBXFileReference; lastKnownFileType = sourcecode.swift; path = DateInputViewModel.swift; sourceTree = "<group>"; };
		EEE3CFDD2585172700BB2156 /* DateFormatter+Static.swift */ = {isa = PBXFileReference; fileEncoding = 4; lastKnownFileType = sourcecode.swift; path = "DateFormatter+Static.swift"; sourceTree = "<group>"; };
		EEE3CFE02585177F00BB2156 /* InputDatePickerView.swift */ = {isa = PBXFileReference; lastKnownFileType = sourcecode.swift; path = InputDatePickerView.swift; sourceTree = "<group>"; };
		EEE3CFE32585182100BB2156 /* DoneToolbar.swift */ = {isa = PBXFileReference; lastKnownFileType = sourcecode.swift; path = DoneToolbar.swift; sourceTree = "<group>"; };
		EEE3CFEC25851B3500BB2156 /* ToDoInfoViewController.swift */ = {isa = PBXFileReference; lastKnownFileType = sourcecode.swift; path = ToDoInfoViewController.swift; sourceTree = "<group>"; };
		EEE3CFED25851B3500BB2156 /* ToDoInfoViewController.xib */ = {isa = PBXFileReference; lastKnownFileType = file.xib; path = ToDoInfoViewController.xib; sourceTree = "<group>"; };
		EEE3CFF325851B8B00BB2156 /* ToDoInfoViewModel.swift */ = {isa = PBXFileReference; lastKnownFileType = sourcecode.swift; path = ToDoInfoViewModel.swift; sourceTree = "<group>"; };
		EEE3CFFC2587709800BB2156 /* NonFocusableTextField.swift */ = {isa = PBXFileReference; lastKnownFileType = sourcecode.swift; path = NonFocusableTextField.swift; sourceTree = "<group>"; };
		EEE3D000258770F200BB2156 /* DateInputTableViewCell.swift */ = {isa = PBXFileReference; lastKnownFileType = sourcecode.swift; path = DateInputTableViewCell.swift; sourceTree = "<group>"; };
		EEE3D001258770F200BB2156 /* DateInputTableViewCell.xib */ = {isa = PBXFileReference; lastKnownFileType = file.xib; path = DateInputTableViewCell.xib; sourceTree = "<group>"; };
		EEECFF142587ED010078B8A8 /* ButtonViewModel.swift */ = {isa = PBXFileReference; lastKnownFileType = sourcecode.swift; path = ButtonViewModel.swift; sourceTree = "<group>"; };
		EEECFF1C2587ED610078B8A8 /* UIColor+darker.swift */ = {isa = PBXFileReference; lastKnownFileType = sourcecode.swift; path = "UIColor+darker.swift"; sourceTree = "<group>"; };
		EEECFF242587EE500078B8A8 /* ButtonTableViewCell.swift */ = {isa = PBXFileReference; lastKnownFileType = sourcecode.swift; path = ButtonTableViewCell.swift; sourceTree = "<group>"; };
		EEECFF252587EE500078B8A8 /* ButtonTableViewCell.xib */ = {isa = PBXFileReference; lastKnownFileType = file.xib; path = ButtonTableViewCell.xib; sourceTree = "<group>"; };
/* End PBXFileReference section */

/* Begin PBXFrameworksBuildPhase section */
		EEAED4B8258381D40051F99A /* Frameworks */ = {
			isa = PBXFrameworksBuildPhase;
			buildActionMask = 2147483647;
			files = (
				A537B9CADE0A8CA7AD9986DD /* Pods_ToDoList.framework in Frameworks */,
			);
			runOnlyForDeploymentPostprocessing = 0;
		};
/* End PBXFrameworksBuildPhase section */

/* Begin PBXGroup section */
		0E8D9D8684B4A5F1BB6714C9 /* Frameworks */ = {
			isa = PBXGroup;
			children = (
				9CCF3B5DE0B4E2DAB2A12C41 /* Pods_ToDoList.framework */,
			);
			name = Frameworks;
			sourceTree = "<group>";
		};
		2DAF6A705CC4EC93DC5803C3 /* Pods */ = {
			isa = PBXGroup;
			children = (
				A085AF7A7FB448BF310416B5 /* Pods-ToDoList.debug.xcconfig */,
				7BA768D31BE3BCD333BC39DA /* Pods-ToDoList.release.xcconfig */,
			);
			path = Pods;
			sourceTree = "<group>";
		};
		EE18B6972589043F009D4D15 /* Services */ = {
			isa = PBXGroup;
			children = (
				EE18B6982589046A009D4D15 /* Database */,
			);
			path = Services;
			sourceTree = "<group>";
		};
		EE18B6982589046A009D4D15 /* Database */ = {
			isa = PBXGroup;
			children = (
				EE18B6B325892C7F009D4D15 /* ToDoItemService.swift */,
				EE18B6A3258904C6009D4D15 /* Model */,
				EE18B69925890492009D4D15 /* RealmController.swift */,
				EE18B69D258904A3009D4D15 /* Realm+WriteFunctions.swift */,
				EE18B6A0258904B8009D4D15 /* Realm+Notifications.swift */,
			);
			path = Database;
			sourceTree = "<group>";
		};
		EE18B6A3258904C6009D4D15 /* Model */ = {
			isa = PBXGroup;
			children = (
				EE18B6A4258904F8009D4D15 /* ToDoItemEntity.swift */,
			);
			path = Model;
			sourceTree = "<group>";
		};
		EEAED4B2258381D40051F99A = {
			isa = PBXGroup;
			children = (
				EEAED4BD258381D40051F99A /* ToDoList */,
				EEAED4BC258381D40051F99A /* Products */,
				2DAF6A705CC4EC93DC5803C3 /* Pods */,
				0E8D9D8684B4A5F1BB6714C9 /* Frameworks */,
			);
			sourceTree = "<group>";
		};
		EEAED4BC258381D40051F99A /* Products */ = {
			isa = PBXGroup;
			children = (
				EEAED4BB258381D40051F99A /* ToDoList.app */,
			);
			name = Products;
			sourceTree = "<group>";
		};
		EEAED4BD258381D40051F99A /* ToDoList */ = {
			isa = PBXGroup;
			children = (
				EEE3CFE625851AF100BB2156 /* ToDoInfoViewController */,
				EEAED4D62583848C0051F99A /* ToDoListViewController */,
				EE18B6972589043F009D4D15 /* Services */,
				EEE3CFA32584CA9A00BB2156 /* Helpers */,
				EEE3CFB12584CB4200BB2156 /* Extensions */,
				EEE3CF932583AE4D00BB2156 /* Support */,
				EEAED4D3258383930051F99A /* digital.ttf */,
			);
			path = ToDoList;
			sourceTree = "<group>";
		};
		EEAED4D62583848C0051F99A /* ToDoListViewController */ = {
			isa = PBXGroup;
			children = (
				EEE3CF922583AE4600BB2156 /* ViewModel */,
				EEE3CF912583AE3D00BB2156 /* View */,
				EEE3CFA02584C9EA00BB2156 /* Cell */,
			);
			path = ToDoListViewController;
			sourceTree = "<group>";
		};
		EEE3CF912583AE3D00BB2156 /* View */ = {
			isa = PBXGroup;
			children = (
				EEE3CFD02584E1E000BB2156 /* ToDoListViewController.swift */,
				EEE3CFD12584E1E000BB2156 /* ToDoListViewController.xib */,
			);
			path = View;
			sourceTree = "<group>";
		};
		EEE3CF922583AE4600BB2156 /* ViewModel */ = {
			isa = PBXGroup;
			children = (
				EEE3CFB62584CC9600BB2156 /* ToDoListViewModel.swift */,
			);
			path = ViewModel;
			sourceTree = "<group>";
		};
		EEE3CF932583AE4D00BB2156 /* Support */ = {
			isa = PBXGroup;
			children = (
				EEAED4C4258381D40051F99A /* Main.storyboard */,
				EEAED4C7258381D80051F99A /* Assets.xcassets */,
				EEAED4C9258381D80051F99A /* LaunchScreen.storyboard */,
				EEAED4CC258381D80051F99A /* Info.plist */,
				EEAED4BE258381D40051F99A /* AppDelegate.swift */,
				EEAED4C0258381D40051F99A /* SceneDelegate.swift */,
			);
			path = Support;
			sourceTree = "<group>";
		};
		EEE3CFA02584C9EA00BB2156 /* Cell */ = {
			isa = PBXGroup;
			children = (
				EEE3CFC32584D11800BB2156 /* View */,
				EEE3CFC42584D12000BB2156 /* ViewModel */,
			);
			path = Cell;
			sourceTree = "<group>";
		};
		EEE3CFA32584CA9A00BB2156 /* Helpers */ = {
			isa = PBXGroup;
			children = (
				EEE3CFD5258516CF00BB2156 /* Views */,
				EEE3CFA42584CAC300BB2156 /* BaseViewController.swift */,
				EEE3CFA82584CADB00BB2156 /* ViewModel.swift */,
				EEE3CFAB2584CAF900BB2156 /* ConfigurableView.swift */,
				EEE3CFAE2584CB1000BB2156 /* CellViewModel.swift */,
			);
			path = Helpers;
			sourceTree = "<group>";
		};
		EEE3CFB12584CB4200BB2156 /* Extensions */ = {
			isa = PBXGroup;
			children = (
				EEE3CFDD2585172700BB2156 /* DateFormatter+Static.swift */,
				EEE3CFB22584CB6800BB2156 /* UICollectionView+registerCell.swift */,
				EEECFF1C2587ED610078B8A8 /* UIColor+darker.swift */,
				EEDA873F2587EFAE002C4FA3 /* UIControl+Action.swift */,
				EE69BE1A258B9E58008CD271 /* Date+StartOfDay.swift */,
			);
			path = Extensions;
			sourceTree = "<group>";
		};
		EEE3CFC32584D11800BB2156 /* View */ = {
			isa = PBXGroup;
			children = (
				EEE3CFBE2584D10600BB2156 /* ListItemTableViewCell.swift */,
				EEE3CFBF2584D10600BB2156 /* ListItemTableViewCell.xib */,
			);
			path = View;
			sourceTree = "<group>";
		};
		EEE3CFC42584D12000BB2156 /* ViewModel */ = {
			isa = PBXGroup;
			children = (
				EEE3CFC52584D14E00BB2156 /* ListItemCellViewModel.swift */,
			);
			path = ViewModel;
			sourceTree = "<group>";
		};
		EEE3CFD5258516CF00BB2156 /* Views */ = {
			isa = PBXGroup;
			children = (
				EEE3CFD6258516DC00BB2156 /* InputDatePickerViewModel.swift */,
				EEE3CFE02585177F00BB2156 /* InputDatePickerView.swift */,
				EEE3CFE32585182100BB2156 /* DoneToolbar.swift */,
				EEE3CFFC2587709800BB2156 /* NonFocusableTextField.swift */,
			);
			path = Views;
			sourceTree = "<group>";
		};
		EEE3CFE625851AF100BB2156 /* ToDoInfoViewController */ = {
			isa = PBXGroup;
			children = (
				EEE3CFF125851B4500BB2156 /* View */,
				EEE3CFF225851B4C00BB2156 /* ViewModel */,
				EEE3CFF725876F8D00BB2156 /* Cell */,
			);
			path = ToDoInfoViewController;
			sourceTree = "<group>";
		};
		EEE3CFF125851B4500BB2156 /* View */ = {
			isa = PBXGroup;
			children = (
				EEE3CFEC25851B3500BB2156 /* ToDoInfoViewController.swift */,
				EEE3CFED25851B3500BB2156 /* ToDoInfoViewController.xib */,
			);
			path = View;
			sourceTree = "<group>";
		};
		EEE3CFF225851B4C00BB2156 /* ViewModel */ = {
			isa = PBXGroup;
			children = (
				EEE3CFF325851B8B00BB2156 /* ToDoInfoViewModel.swift */,
			);
			path = ViewModel;
			sourceTree = "<group>";
		};
		EEE3CFF725876F8D00BB2156 /* Cell */ = {
			isa = PBXGroup;
			children = (
				EEE3D0072587A50E00BB2156 /* ViewModel */,
				EEE3D0062587A50300BB2156 /* View */,
			);
			path = Cell;
			sourceTree = "<group>";
		};
		EEE3D0062587A50300BB2156 /* View */ = {
			isa = PBXGroup;
			children = (
				EEE3D000258770F200BB2156 /* DateInputTableViewCell.swift */,
				EEE3D001258770F200BB2156 /* DateInputTableViewCell.xib */,
				EEBEF11E2587B72E000EA996 /* ItemInfoTableViewCell.swift */,
				EEBEF11F2587B72E000EA996 /* ItemInfoTableViewCell.xib */,
				EEECFF242587EE500078B8A8 /* ButtonTableViewCell.swift */,
				EEECFF252587EE500078B8A8 /* ButtonTableViewCell.xib */,
			);
			path = View;
			sourceTree = "<group>";
		};
		EEE3D0072587A50E00BB2156 /* ViewModel */ = {
			isa = PBXGroup;
			children = (
				EEE3CFDA258516FB00BB2156 /* DateInputViewModel.swift */,
				EEBEF1232587B743000EA996 /* ItemInfoCellViewModel.swift */,
				EEECFF142587ED010078B8A8 /* ButtonViewModel.swift */,
			);
			path = ViewModel;
			sourceTree = "<group>";
		};
/* End PBXGroup section */

/* Begin PBXNativeTarget section */
		EEAED4BA258381D40051F99A /* ToDoList */ = {
			isa = PBXNativeTarget;
			buildConfigurationList = EEAED4CF258381D80051F99A /* Build configuration list for PBXNativeTarget "ToDoList" */;
			buildPhases = (
				958AE72B4335C4698C7150C2 /* [CP] Check Pods Manifest.lock */,
				EEAED4B7258381D40051F99A /* Sources */,
				EEAED4B8258381D40051F99A /* Frameworks */,
				EEAED4B9258381D40051F99A /* Resources */,
				33D0CDF24815D6EB024A8896 /* [CP] Embed Pods Frameworks */,
			);
			buildRules = (
			);
			dependencies = (
			);
			name = ToDoList;
			productName = ToDoList;
			productReference = EEAED4BB258381D40051F99A /* ToDoList.app */;
			productType = "com.apple.product-type.application";
		};
/* End PBXNativeTarget section */

/* Begin PBXProject section */
		EEAED4B3258381D40051F99A /* Project object */ = {
			isa = PBXProject;
			attributes = {
				LastSwiftUpdateCheck = 1220;
				LastUpgradeCheck = 1220;
				TargetAttributes = {
					EEAED4BA258381D40051F99A = {
						CreatedOnToolsVersion = 12.2;
					};
				};
			};
			buildConfigurationList = EEAED4B6258381D40051F99A /* Build configuration list for PBXProject "ToDoList" */;
			compatibilityVersion = "Xcode 9.3";
			developmentRegion = en;
			hasScannedForEncodings = 0;
			knownRegions = (
				en,
				Base,
			);
			mainGroup = EEAED4B2258381D40051F99A;
			productRefGroup = EEAED4BC258381D40051F99A /* Products */;
			projectDirPath = "";
			projectRoot = "";
			targets = (
				EEAED4BA258381D40051F99A /* ToDoList */,
			);
		};
/* End PBXProject section */

/* Begin PBXResourcesBuildPhase section */
		EEAED4B9258381D40051F99A /* Resources */ = {
			isa = PBXResourcesBuildPhase;
			buildActionMask = 2147483647;
			files = (
				EEE3CFC12584D10600BB2156 /* ListItemTableViewCell.xib in Resources */,
				EEAED4CB258381D80051F99A /* LaunchScreen.storyboard in Resources */,
				EEE3CFD32584E1E000BB2156 /* ToDoListViewController.xib in Resources */,
				EEAED4D4258383930051F99A /* digital.ttf in Resources */,
				EEBEF1212587B72E000EA996 /* ItemInfoTableViewCell.xib in Resources */,
				EEE3D003258770F200BB2156 /* DateInputTableViewCell.xib in Resources */,
				EEAED4C8258381D80051F99A /* Assets.xcassets in Resources */,
				EEECFF272587EE500078B8A8 /* ButtonTableViewCell.xib in Resources */,
				EEE3CFEF25851B3500BB2156 /* ToDoInfoViewController.xib in Resources */,
				EEAED4C6258381D40051F99A /* Main.storyboard in Resources */,
			);
			runOnlyForDeploymentPostprocessing = 0;
		};
/* End PBXResourcesBuildPhase section */

/* Begin PBXShellScriptBuildPhase section */
		33D0CDF24815D6EB024A8896 /* [CP] Embed Pods Frameworks */ = {
			isa = PBXShellScriptBuildPhase;
			buildActionMask = 2147483647;
			files = (
			);
			inputFileListPaths = (
				"${PODS_ROOT}/Target Support Files/Pods-ToDoList/Pods-ToDoList-frameworks-${CONFIGURATION}-input-files.xcfilelist",
			);
			name = "[CP] Embed Pods Frameworks";
			outputFileListPaths = (
				"${PODS_ROOT}/Target Support Files/Pods-ToDoList/Pods-ToDoList-frameworks-${CONFIGURATION}-output-files.xcfilelist",
			);
			runOnlyForDeploymentPostprocessing = 0;
			shellPath = /bin/sh;
			shellScript = "\"${PODS_ROOT}/Target Support Files/Pods-ToDoList/Pods-ToDoList-frameworks.sh\"\n";
			showEnvVarsInLog = 0;
		};
		958AE72B4335C4698C7150C2 /* [CP] Check Pods Manifest.lock */ = {
			isa = PBXShellScriptBuildPhase;
			buildActionMask = 2147483647;
			files = (
			);
			inputFileListPaths = (
			);
			inputPaths = (
				"${PODS_PODFILE_DIR_PATH}/Podfile.lock",
				"${PODS_ROOT}/Manifest.lock",
			);
			name = "[CP] Check Pods Manifest.lock";
			outputFileListPaths = (
			);
			outputPaths = (
				"$(DERIVED_FILE_DIR)/Pods-ToDoList-checkManifestLockResult.txt",
			);
			runOnlyForDeploymentPostprocessing = 0;
			shellPath = /bin/sh;
			shellScript = "diff \"${PODS_PODFILE_DIR_PATH}/Podfile.lock\" \"${PODS_ROOT}/Manifest.lock\" > /dev/null\nif [ $? != 0 ] ; then\n    # print error to STDERR\n    echo \"error: The sandbox is not in sync with the Podfile.lock. Run 'pod install' or update your CocoaPods installation.\" >&2\n    exit 1\nfi\n# This output is used by Xcode 'outputs' to avoid re-running this script phase.\necho \"SUCCESS\" > \"${SCRIPT_OUTPUT_FILE_0}\"\n";
			showEnvVarsInLog = 0;
		};
/* End PBXShellScriptBuildPhase section */

/* Begin PBXSourcesBuildPhase section */
		EEAED4B7258381D40051F99A /* Sources */ = {
			isa = PBXSourcesBuildPhase;
			buildActionMask = 2147483647;
			files = (
				EEE3CFC02584D10600BB2156 /* ListItemTableViewCell.swift in Sources */,
				EEBEF1242587B743000EA996 /* ItemInfoCellViewModel.swift in Sources */,
				EEE3CFD7258516DC00BB2156 /* InputDatePickerViewModel.swift in Sources */,
				EEE3CFA92584CADB00BB2156 /* ViewModel.swift in Sources */,
				EEE3CFB72584CC9600BB2156 /* ToDoListViewModel.swift in Sources */,
				EEDA87402587EFAE002C4FA3 /* UIControl+Action.swift in Sources */,
				EEBEF1202587B72E000EA996 /* ItemInfoTableViewCell.swift in Sources */,
				EEAED4BF258381D40051F99A /* AppDelegate.swift in Sources */,
				EEE3CFE42585182100BB2156 /* DoneToolbar.swift in Sources */,
				EE18B6A1258904B8009D4D15 /* Realm+Notifications.swift in Sources */,
				EEECFF1D2587ED610078B8A8 /* UIColor+darker.swift in Sources */,
				EEE3CFD22584E1E000BB2156 /* ToDoListViewController.swift in Sources */,
				EEE3CFDE2585172700BB2156 /* DateFormatter+Static.swift in Sources */,
				EEE3CFEE25851B3500BB2156 /* ToDoInfoViewController.swift in Sources */,
				EEE3CFE12585177F00BB2156 /* InputDatePickerView.swift in Sources */,
				EEECFF152587ED010078B8A8 /* ButtonViewModel.swift in Sources */,
				EEE3CFA52584CAC300BB2156 /* BaseViewController.swift in Sources */,
				EE18B6A5258904F8009D4D15 /* ToDoItemEntity.swift in Sources */,
				EEE3CFB32584CB6800BB2156 /* UICollectionView+registerCell.swift in Sources */,
				EEE3D002258770F200BB2156 /* DateInputTableViewCell.swift in Sources */,
				EE69BE1B258B9E58008CD271 /* Date+StartOfDay.swift in Sources */,
				EEE3CFC62584D14E00BB2156 /* ListItemCellViewModel.swift in Sources */,
				EEE3CFFD2587709800BB2156 /* NonFocusableTextField.swift in Sources */,
				EEE3CFAF2584CB1000BB2156 /* CellViewModel.swift in Sources */,
				EE18B69E258904A3009D4D15 /* Realm+WriteFunctions.swift in Sources */,
				EEE3CFAC2584CAF900BB2156 /* ConfigurableView.swift in Sources */,
				EE18B6B425892C7F009D4D15 /* ToDoItemService.swift in Sources */,
				EEAED4C1258381D40051F99A /* SceneDelegate.swift in Sources */,
				EEECFF262587EE500078B8A8 /* ButtonTableViewCell.swift in Sources */,
				EE18B69A25890492009D4D15 /* RealmController.swift in Sources */,
				EEE3CFF425851B8B00BB2156 /* ToDoInfoViewModel.swift in Sources */,
				EEE3CFDB258516FB00BB2156 /* DateInputViewModel.swift in Sources */,
			);
			runOnlyForDeploymentPostprocessing = 0;
		};
/* End PBXSourcesBuildPhase section */

/* Begin PBXVariantGroup section */
		EEAED4C4258381D40051F99A /* Main.storyboard */ = {
			isa = PBXVariantGroup;
			children = (
				EEAED4C5258381D40051F99A /* Base */,
			);
			name = Main.storyboard;
			sourceTree = "<group>";
		};
		EEAED4C9258381D80051F99A /* LaunchScreen.storyboard */ = {
			isa = PBXVariantGroup;
			children = (
				EEAED4CA258381D80051F99A /* Base */,
			);
			name = LaunchScreen.storyboard;
			sourceTree = "<group>";
		};
/* End PBXVariantGroup section */

/* Begin XCBuildConfiguration section */
		EEAED4CD258381D80051F99A /* Debug */ = {
			isa = XCBuildConfiguration;
			buildSettings = {
				ALWAYS_SEARCH_USER_PATHS = NO;
				CLANG_ANALYZER_NONNULL = YES;
				CLANG_ANALYZER_NUMBER_OBJECT_CONVERSION = YES_AGGRESSIVE;
				CLANG_CXX_LANGUAGE_STANDARD = "gnu++14";
				CLANG_CXX_LIBRARY = "libc++";
				CLANG_ENABLE_MODULES = YES;
				CLANG_ENABLE_OBJC_ARC = YES;
				CLANG_ENABLE_OBJC_WEAK = YES;
				CLANG_WARN_BLOCK_CAPTURE_AUTORELEASING = YES;
				CLANG_WARN_BOOL_CONVERSION = YES;
				CLANG_WARN_COMMA = YES;
				CLANG_WARN_CONSTANT_CONVERSION = YES;
				CLANG_WARN_DEPRECATED_OBJC_IMPLEMENTATIONS = YES;
				CLANG_WARN_DIRECT_OBJC_ISA_USAGE = YES_ERROR;
				CLANG_WARN_DOCUMENTATION_COMMENTS = YES;
				CLANG_WARN_EMPTY_BODY = YES;
				CLANG_WARN_ENUM_CONVERSION = YES;
				CLANG_WARN_INFINITE_RECURSION = YES;
				CLANG_WARN_INT_CONVERSION = YES;
				CLANG_WARN_NON_LITERAL_NULL_CONVERSION = YES;
				CLANG_WARN_OBJC_IMPLICIT_RETAIN_SELF = YES;
				CLANG_WARN_OBJC_LITERAL_CONVERSION = YES;
				CLANG_WARN_OBJC_ROOT_CLASS = YES_ERROR;
				CLANG_WARN_QUOTED_INCLUDE_IN_FRAMEWORK_HEADER = YES;
				CLANG_WARN_RANGE_LOOP_ANALYSIS = YES;
				CLANG_WARN_STRICT_PROTOTYPES = YES;
				CLANG_WARN_SUSPICIOUS_MOVE = YES;
				CLANG_WARN_UNGUARDED_AVAILABILITY = YES_AGGRESSIVE;
				CLANG_WARN_UNREACHABLE_CODE = YES;
				CLANG_WARN__DUPLICATE_METHOD_MATCH = YES;
				COPY_PHASE_STRIP = NO;
				DEBUG_INFORMATION_FORMAT = dwarf;
				ENABLE_STRICT_OBJC_MSGSEND = YES;
				ENABLE_TESTABILITY = YES;
				GCC_C_LANGUAGE_STANDARD = gnu11;
				GCC_DYNAMIC_NO_PIC = NO;
				GCC_NO_COMMON_BLOCKS = YES;
				GCC_OPTIMIZATION_LEVEL = 0;
				GCC_PREPROCESSOR_DEFINITIONS = (
					"DEBUG=1",
					"$(inherited)",
				);
				GCC_WARN_64_TO_32_BIT_CONVERSION = YES;
				GCC_WARN_ABOUT_RETURN_TYPE = YES_ERROR;
				GCC_WARN_UNDECLARED_SELECTOR = YES;
				GCC_WARN_UNINITIALIZED_AUTOS = YES_AGGRESSIVE;
				GCC_WARN_UNUSED_FUNCTION = YES;
				GCC_WARN_UNUSED_VARIABLE = YES;
				IPHONEOS_DEPLOYMENT_TARGET = 14.2;
				MTL_ENABLE_DEBUG_INFO = INCLUDE_SOURCE;
				MTL_FAST_MATH = YES;
				ONLY_ACTIVE_ARCH = YES;
				SDKROOT = iphoneos;
				SWIFT_ACTIVE_COMPILATION_CONDITIONS = DEBUG;
				SWIFT_OPTIMIZATION_LEVEL = "-Onone";
			};
			name = Debug;
		};
		EEAED4CE258381D80051F99A /* Release */ = {
			isa = XCBuildConfiguration;
			buildSettings = {
				ALWAYS_SEARCH_USER_PATHS = NO;
				CLANG_ANALYZER_NONNULL = YES;
				CLANG_ANALYZER_NUMBER_OBJECT_CONVERSION = YES_AGGRESSIVE;
				CLANG_CXX_LANGUAGE_STANDARD = "gnu++14";
				CLANG_CXX_LIBRARY = "libc++";
				CLANG_ENABLE_MODULES = YES;
				CLANG_ENABLE_OBJC_ARC = YES;
				CLANG_ENABLE_OBJC_WEAK = YES;
				CLANG_WARN_BLOCK_CAPTURE_AUTORELEASING = YES;
				CLANG_WARN_BOOL_CONVERSION = YES;
				CLANG_WARN_COMMA = YES;
				CLANG_WARN_CONSTANT_CONVERSION = YES;
				CLANG_WARN_DEPRECATED_OBJC_IMPLEMENTATIONS = YES;
				CLANG_WARN_DIRECT_OBJC_ISA_USAGE = YES_ERROR;
				CLANG_WARN_DOCUMENTATION_COMMENTS = YES;
				CLANG_WARN_EMPTY_BODY = YES;
				CLANG_WARN_ENUM_CONVERSION = YES;
				CLANG_WARN_INFINITE_RECURSION = YES;
				CLANG_WARN_INT_CONVERSION = YES;
				CLANG_WARN_NON_LITERAL_NULL_CONVERSION = YES;
				CLANG_WARN_OBJC_IMPLICIT_RETAIN_SELF = YES;
				CLANG_WARN_OBJC_LITERAL_CONVERSION = YES;
				CLANG_WARN_OBJC_ROOT_CLASS = YES_ERROR;
				CLANG_WARN_QUOTED_INCLUDE_IN_FRAMEWORK_HEADER = YES;
				CLANG_WARN_RANGE_LOOP_ANALYSIS = YES;
				CLANG_WARN_STRICT_PROTOTYPES = YES;
				CLANG_WARN_SUSPICIOUS_MOVE = YES;
				CLANG_WARN_UNGUARDED_AVAILABILITY = YES_AGGRESSIVE;
				CLANG_WARN_UNREACHABLE_CODE = YES;
				CLANG_WARN__DUPLICATE_METHOD_MATCH = YES;
				COPY_PHASE_STRIP = NO;
				DEBUG_INFORMATION_FORMAT = "dwarf-with-dsym";
				ENABLE_NS_ASSERTIONS = NO;
				ENABLE_STRICT_OBJC_MSGSEND = YES;
				GCC_C_LANGUAGE_STANDARD = gnu11;
				GCC_NO_COMMON_BLOCKS = YES;
				GCC_WARN_64_TO_32_BIT_CONVERSION = YES;
				GCC_WARN_ABOUT_RETURN_TYPE = YES_ERROR;
				GCC_WARN_UNDECLARED_SELECTOR = YES;
				GCC_WARN_UNINITIALIZED_AUTOS = YES_AGGRESSIVE;
				GCC_WARN_UNUSED_FUNCTION = YES;
				GCC_WARN_UNUSED_VARIABLE = YES;
				IPHONEOS_DEPLOYMENT_TARGET = 14.2;
				MTL_ENABLE_DEBUG_INFO = NO;
				MTL_FAST_MATH = YES;
				SDKROOT = iphoneos;
				SWIFT_COMPILATION_MODE = wholemodule;
				SWIFT_OPTIMIZATION_LEVEL = "-O";
				VALIDATE_PRODUCT = YES;
			};
			name = Release;
		};
		EEAED4D0258381D80051F99A /* Debug */ = {
			isa = XCBuildConfiguration;
			baseConfigurationReference = A085AF7A7FB448BF310416B5 /* Pods-ToDoList.debug.xcconfig */;
			buildSettings = {
				ASSETCATALOG_COMPILER_APPICON_NAME = AppIcon;
				ASSETCATALOG_COMPILER_GLOBAL_ACCENT_COLOR_NAME = AccentColor;
				CODE_SIGN_STYLE = Automatic;
				DEVELOPMENT_TEAM = 9DT65SS5ZB;
				INFOPLIST_FILE = ToDoList/Support/Info.plist;
				IPHONEOS_DEPLOYMENT_TARGET = 13.0;
				LD_RUNPATH_SEARCH_PATHS = (
					"$(inherited)",
					"@executable_path/Frameworks",
				);
				PRODUCT_BUNDLE_IDENTIFIER = com.ArtemEmelianov.ToDoList;
				PRODUCT_NAME = "$(TARGET_NAME)";
				SWIFT_VERSION = 5.0;
				TARGETED_DEVICE_FAMILY = 1;
			};
			name = Debug;
		};
		EEAED4D1258381D80051F99A /* Release */ = {
			isa = XCBuildConfiguration;
			baseConfigurationReference = 7BA768D31BE3BCD333BC39DA /* Pods-ToDoList.release.xcconfig */;
			buildSettings = {
				ASSETCATALOG_COMPILER_APPICON_NAME = AppIcon;
				ASSETCATALOG_COMPILER_GLOBAL_ACCENT_COLOR_NAME = AccentColor;
				CODE_SIGN_STYLE = Automatic;
				DEVELOPMENT_TEAM = 9DT65SS5ZB;
				INFOPLIST_FILE = ToDoList/Support/Info.plist;
				IPHONEOS_DEPLOYMENT_TARGET = 13.0;
				LD_RUNPATH_SEARCH_PATHS = (
					"$(inherited)",
					"@executable_path/Frameworks",
				);
				PRODUCT_BUNDLE_IDENTIFIER = com.ArtemEmelianov.ToDoList;
				PRODUCT_NAME = "$(TARGET_NAME)";
				SWIFT_VERSION = 5.0;
				TARGETED_DEVICE_FAMILY = 1;
			};
			name = Release;
		};
/* End XCBuildConfiguration section */

/* Begin XCConfigurationList section */
		EEAED4B6258381D40051F99A /* Build configuration list for PBXProject "ToDoList" */ = {
			isa = XCConfigurationList;
			buildConfigurations = (
				EEAED4CD258381D80051F99A /* Debug */,
				EEAED4CE258381D80051F99A /* Release */,
			);
			defaultConfigurationIsVisible = 0;
			defaultConfigurationName = Release;
		};
		EEAED4CF258381D80051F99A /* Build configuration list for PBXNativeTarget "ToDoList" */ = {
			isa = XCConfigurationList;
			buildConfigurations = (
				EEAED4D0258381D80051F99A /* Debug */,
				EEAED4D1258381D80051F99A /* Release */,
			);
			defaultConfigurationIsVisible = 0;
			defaultConfigurationName = Release;
		};
/* End XCConfigurationList section */
	};
	rootObject = EEAED4B3258381D40051F99A /* Project object */;
}
